
Microsoft Visual Studio Solution File, Format Version 12.00
# Visual Studio 15
VisualStudioVersion = 15.0.28307.168
MinimumVisualStudioVersion = 10.0.40219.1
Project("{9A19103F-16F7-4668-BE54-9A1E7A4F7556}") = "ManagementService", "ManagementService\ManagementService.csproj", "{7B510730-CB0A-458E-9313-B0424734927A}"
EndProject
Project("{9A19103F-16F7-4668-BE54-9A1E7A4F7556}") = "UsersStorageService", "UsersStorageService\UsersStorageService.csproj", "{43CF2AE9-D16D-4B6F-A517-6A4C0BF2462B}"
EndProject
Project("{9A19103F-16F7-4668-BE54-9A1E7A4F7556}") = "PermissionsService", "PermissionsService\PermissionsService.csproj", "{D0729359-DCB2-4FB6-85E5-E4067D5FD95C}"
EndProject
Project("{E53339B2-1760-4266-BCC7-CA923CBCF16C}") = "docker-compose", "docker-compose.dcproj", "{C5550BF3-6965-4DE1-AC8B-8DF3F61D46F4}"
EndProject
Global
	GlobalSection(SolutionConfigurationPlatforms) = preSolution
		Debug|Any CPU = Debug|Any CPU
		Release|Any CPU = Release|Any CPU
	EndGlobalSection
	GlobalSection(ProjectConfigurationPlatforms) = postSolution
		{7B510730-CB0A-458E-9313-B0424734927A}.Debug|Any CPU.ActiveCfg = Debug|Any CPU
		{7B510730-CB0A-458E-9313-B0424734927A}.Debug|Any CPU.Build.0 = Debug|Any CPU
		{7B510730-CB0A-458E-9313-B0424734927A}.Release|Any CPU.ActiveCfg = Release|Any CPU
		{7B510730-CB0A-458E-9313-B0424734927A}.Release|Any CPU.Build.0 = Release|Any CPU
		{43CF2AE9-D16D-4B6F-A517-6A4C0BF2462B}.Debug|Any CPU.ActiveCfg = Debug|Any CPU
		{43CF2AE9-D16D-4B6F-A517-6A4C0BF2462B}.Debug|Any CPU.Build.0 = Debug|Any CPU
		{43CF2AE9-D16D-4B6F-A517-6A4C0BF2462B}.Release|Any CPU.ActiveCfg = Release|Any CPU
		{43CF2AE9-D16D-4B6F-A517-6A4C0BF2462B}.Release|Any CPU.Build.0 = Release|Any CPU
		{D0729359-DCB2-4FB6-85E5-E4067D5FD95C}.Debug|Any CPU.ActiveCfg = Debug|Any CPU
		{D0729359-DCB2-4FB6-85E5-E4067D5FD95C}.Debug|Any CPU.Build.0 = Debug|Any CPU
		{D0729359-DCB2-4FB6-85E5-E4067D5FD95C}.Release|Any CPU.ActiveCfg = Release|Any CPU
		{D0729359-DCB2-4FB6-85E5-E4067D5FD95C}.Release|Any CPU.Build.0 = Release|Any CPU
		{C5550BF3-6965-4DE1-AC8B-8DF3F61D46F4}.Debug|Any CPU.ActiveCfg = Debug|Any CPU
		{C5550BF3-6965-4DE1-AC8B-8DF3F61D46F4}.Debug|Any CPU.Build.0 = Debug|Any CPU
		{C5550BF3-6965-4DE1-AC8B-8DF3F61D46F4}.Release|Any CPU.ActiveCfg = Release|Any CPU
		{C5550BF3-6965-4DE1-AC8B-8DF3F61D46F4}.Release|Any CPU.Build.0 = Release|Any CPU
	EndGlobalSection
	GlobalSection(SolutionProperties) = preSolution
		HideSolutionNode = FALSE
	EndGlobalSection
	GlobalSection(ExtensibilityGlobals) = postSolution
		SolutionGuid = {2DD7567E-1BF8-496D-A5C2-E18471BD31AC}
	EndGlobalSection
EndGlobal
